
Microsoft Visual Studio Solution File, Format Version 12.00
# Visual Studio 14
VisualStudioVersion = 14.0.23107.0
MinimumVisualStudioVersion = 10.0.40219.1
Project("{FAE04EC0-301F-11D3-BF4B-00C04F79EFBC}") = "IkitMita.Core", "IkitMita.Core\IkitMita.Core.csproj", "{CDCD63B3-3D56-4938-9E81-FA9E71187D3A}"
EndProject
Project("{2150E333-8FDC-42A3-9474-1A3956D46DE8}") = ".nuget", ".nuget", "{FB665F99-74D9-48C9-B5AF-FC861B07862D}"
	ProjectSection(SolutionItems) = preProject
		.nuget\NuGet.Config = .nuget\NuGet.Config
		.nuget\NuGet.exe = .nuget\NuGet.exe
		.nuget\NuGet.targets = .nuget\NuGet.targets
	EndProjectSection
EndProject
Project("{FAE04EC0-301F-11D3-BF4B-00C04F79EFBC}") = "IkitMita.Mvvm.Views", "IkitMita.Mvvm.Views\IkitMita.Mvvm.Views.csproj", "{68A7D793-A658-4771-B333-86AD413293C2}"
EndProject
Project("{FAE04EC0-301F-11D3-BF4B-00C04F79EFBC}") = "IkitMita.Mvvm.ViewModels", "IkitMita.Mvvm.ViewModels\IkitMita.Mvvm.ViewModels.csproj", "{42EC3294-1663-4A68-BFD2-95E4C391BD15}"
EndProject
Project("{FAE04EC0-301F-11D3-BF4B-00C04F79EFBC}") = "IkitMita.Mvvm.MefClient", "IkitMita.Mvvm.MefClient\IkitMita.Mvvm.MefClient.csproj", "{6D90A403-3517-440F-BE8B-E370BBCE8367}"
EndProject
Project("{2150E333-8FDC-42A3-9474-1A3956D46DE8}") = "Example", "Example", "{E6E7A587-3A72-4E32-9FE9-2822C3EBA11D}"
EndProject
Project("{FAE04EC0-301F-11D3-BF4B-00C04F79EFBC}") = "Example.Wpf", "Example\Example.Wpf\Example.Wpf.csproj", "{F1D0598B-0706-4BC7-B408-EA1D2896BF7A}"
EndProject
Project("{FAE04EC0-301F-11D3-BF4B-00C04F79EFBC}") = "Example.ViewModels", "Example\Example.ViewModels\Example.ViewModels.csproj", "{CAEB7FEC-6C75-4D87-9998-A60CFED2CC1B}"
EndProject
Project("{FAE04EC0-301F-11D3-BF4B-00C04F79EFBC}") = "IkitMita.Wpf", "IkitMita.Wpf\IkitMita.Wpf.csproj", "{200AA6B6-2AF6-441F-8F76-F8C34B8FD918}"
EndProject
Project("{2150E333-8FDC-42A3-9474-1A3956D46DE8}") = ".git", ".git", "{A6721A3D-6DC9-484A-BBF0-501213CFF329}"
	ProjectSection(SolutionItems) = preProject
		.gitattributes = .gitattributes
		.gitignore = .gitignore
		README.md = README.md
	EndProjectSection
EndProject
Global
	GlobalSection(SolutionConfigurationPlatforms) = preSolution
		Debug|Any CPU = Debug|Any CPU
		Release|Any CPU = Release|Any CPU
	EndGlobalSection
	GlobalSection(ProjectConfigurationPlatforms) = postSolution
		{CDCD63B3-3D56-4938-9E81-FA9E71187D3A}.Debug|Any CPU.ActiveCfg = Debug|Any CPU
		{CDCD63B3-3D56-4938-9E81-FA9E71187D3A}.Debug|Any CPU.Build.0 = Debug|Any CPU
		{CDCD63B3-3D56-4938-9E81-FA9E71187D3A}.Release|Any CPU.ActiveCfg = Release|Any CPU
		{CDCD63B3-3D56-4938-9E81-FA9E71187D3A}.Release|Any CPU.Build.0 = Release|Any CPU
		{68A7D793-A658-4771-B333-86AD413293C2}.Debug|Any CPU.ActiveCfg = Debug|Any CPU
		{68A7D793-A658-4771-B333-86AD413293C2}.Debug|Any CPU.Build.0 = Debug|Any CPU
		{68A7D793-A658-4771-B333-86AD413293C2}.Release|Any CPU.ActiveCfg = Release|Any CPU
		{68A7D793-A658-4771-B333-86AD413293C2}.Release|Any CPU.Build.0 = Release|Any CPU
		{42EC3294-1663-4A68-BFD2-95E4C391BD15}.Debug|Any CPU.ActiveCfg = Debug|Any CPU
		{42EC3294-1663-4A68-BFD2-95E4C391BD15}.Debug|Any CPU.Build.0 = Debug|Any CPU
		{42EC3294-1663-4A68-BFD2-95E4C391BD15}.Release|Any CPU.ActiveCfg = Release|Any CPU
		{42EC3294-1663-4A68-BFD2-95E4C391BD15}.Release|Any CPU.Build.0 = Release|Any CPU
		{6D90A403-3517-440F-BE8B-E370BBCE8367}.Debug|Any CPU.ActiveCfg = Debug|Any CPU
		{6D90A403-3517-440F-BE8B-E370BBCE8367}.Debug|Any CPU.Build.0 = Debug|Any CPU
		{6D90A403-3517-440F-BE8B-E370BBCE8367}.Release|Any CPU.ActiveCfg = Release|Any CPU
		{6D90A403-3517-440F-BE8B-E370BBCE8367}.Release|Any CPU.Build.0 = Release|Any CPU
		{F1D0598B-0706-4BC7-B408-EA1D2896BF7A}.Debug|Any CPU.ActiveCfg = Debug|Any CPU
		{F1D0598B-0706-4BC7-B408-EA1D2896BF7A}.Debug|Any CPU.Build.0 = Debug|Any CPU
		{F1D0598B-0706-4BC7-B408-EA1D2896BF7A}.Release|Any CPU.ActiveCfg = Release|Any CPU
		{F1D0598B-0706-4BC7-B408-EA1D2896BF7A}.Release|Any CPU.Build.0 = Release|Any CPU
		{CAEB7FEC-6C75-4D87-9998-A60CFED2CC1B}.Debug|Any CPU.ActiveCfg = Debug|Any CPU
		{CAEB7FEC-6C75-4D87-9998-A60CFED2CC1B}.Debug|Any CPU.Build.0 = Debug|Any CPU
		{CAEB7FEC-6C75-4D87-9998-A60CFED2CC1B}.Release|Any CPU.ActiveCfg = Release|Any CPU
		{CAEB7FEC-6C75-4D87-9998-A60CFED2CC1B}.Release|Any CPU.Build.0 = Release|Any CPU
		{200AA6B6-2AF6-441F-8F76-F8C34B8FD918}.Debug|Any CPU.ActiveCfg = Debug|Any CPU
		{200AA6B6-2AF6-441F-8F76-F8C34B8FD918}.Debug|Any CPU.Build.0 = Debug|Any CPU
		{200AA6B6-2AF6-441F-8F76-F8C34B8FD918}.Release|Any CPU.ActiveCfg = Release|Any CPU
		{200AA6B6-2AF6-441F-8F76-F8C34B8FD918}.Release|Any CPU.Build.0 = Release|Any CPU
	EndGlobalSection
	GlobalSection(SolutionProperties) = preSolution
		HideSolutionNode = FALSE
	EndGlobalSection
	GlobalSection(NestedProjects) = preSolution
		{F1D0598B-0706-4BC7-B408-EA1D2896BF7A} = {E6E7A587-3A72-4E32-9FE9-2822C3EBA11D}
		{CAEB7FEC-6C75-4D87-9998-A60CFED2CC1B} = {E6E7A587-3A72-4E32-9FE9-2822C3EBA11D}
	EndGlobalSection
EndGlobal
